// !$*UTF8*$!
{
	archiveVersion = 1;
	classes = {
	};
	objectVersion = 50;
	objects = {

/* Begin PBXBuildFile section */
		65BCB25F2217391800341C32 /* AppDelegate.m in Sources */ = {isa = PBXBuildFile; fileRef = 65BCB25E2217391800341C32 /* AppDelegate.m */; };
		65BCB2622217391800341C32 /* ViewController.m in Sources */ = {isa = PBXBuildFile; fileRef = 65BCB2612217391800341C32 /* ViewController.m */; };
		65BCB2652217391800341C32 /* Main.storyboard in Resources */ = {isa = PBXBuildFile; fileRef = 65BCB2632217391800341C32 /* Main.storyboard */; };
		65BCB2672217391800341C32 /* Assets.xcassets in Resources */ = {isa = PBXBuildFile; fileRef = 65BCB2662217391800341C32 /* Assets.xcassets */; };
		65BCB26A2217391800341C32 /* LaunchScreen.storyboard in Resources */ = {isa = PBXBuildFile; fileRef = 65BCB2682217391800341C32 /* LaunchScreen.storyboard */; };
		65BCB26D2217391800341C32 /* main.m in Sources */ = {isa = PBXBuildFile; fileRef = 65BCB26C2217391800341C32 /* main.m */; };
		65BCB275221748C100341C32 /* latestSwing.csv in Resources */ = {isa = PBXBuildFile; fileRef = 65BCB274221748C100341C32 /* latestSwing.csv */; };
		65BCB2782217494200341C32 /* FileOps.m in Sources */ = {isa = PBXBuildFile; fileRef = 65BCB2772217494200341C32 /* FileOps.m */; };
		65BCB3112217A93900341C32 /* Analytics.m in Sources */ = {isa = PBXBuildFile; fileRef = 65BCB3102217A93900341C32 /* Analytics.m */; };
/* End PBXBuildFile section */

/* Begin PBXFileReference section */
		65BCB25A2217391800341C32 /* DiamondKenetics.app */ = {isa = PBXFileReference; explicitFileType = wrapper.application; includeInIndex = 0; path = DiamondKenetics.app; sourceTree = BUILT_PRODUCTS_DIR; };
		65BCB25D2217391800341C32 /* AppDelegate.h */ = {isa = PBXFileReference; lastKnownFileType = sourcecode.c.h; path = AppDelegate.h; sourceTree = "<group>"; };
		65BCB25E2217391800341C32 /* AppDelegate.m */ = {isa = PBXFileReference; lastKnownFileType = sourcecode.c.objc; path = AppDelegate.m; sourceTree = "<group>"; };
		65BCB2602217391800341C32 /* ViewController.h */ = {isa = PBXFileReference; lastKnownFileType = sourcecode.c.h; path = ViewController.h; sourceTree = "<group>"; };
		65BCB2612217391800341C32 /* ViewController.m */ = {isa = PBXFileReference; lastKnownFileType = sourcecode.c.objc; path = ViewController.m; sourceTree = "<group>"; };
		65BCB2642217391800341C32 /* Base */ = {isa = PBXFileReference; lastKnownFileType = file.storyboard; name = Base; path = Base.lproj/Main.storyboard; sourceTree = "<group>"; };
		65BCB2662217391800341C32 /* Assets.xcassets */ = {isa = PBXFileReference; lastKnownFileType = folder.assetcatalog; path = Assets.xcassets; sourceTree = "<group>"; };
		65BCB2692217391800341C32 /* Base */ = {isa = PBXFileReference; lastKnownFileType = file.storyboard; name = Base; path = Base.lproj/LaunchScreen.storyboard; sourceTree = "<group>"; };
		65BCB26B2217391800341C32 /* Info.plist */ = {isa = PBXFileReference; lastKnownFileType = text.plist.xml; path = Info.plist; sourceTree = "<group>"; };
		65BCB26C2217391800341C32 /* main.m */ = {isa = PBXFileReference; lastKnownFileType = sourcecode.c.objc; path = main.m; sourceTree = "<group>"; };
		65BCB274221748C100341C32 /* latestSwing.csv */ = {isa = PBXFileReference; fileEncoding = 4; lastKnownFileType = text; path = latestSwing.csv; sourceTree = "<group>"; };
		65BCB2762217494200341C32 /* FileOps.h */ = {isa = PBXFileReference; lastKnownFileType = sourcecode.c.h; path = FileOps.h; sourceTree = "<group>"; };
		65BCB2772217494200341C32 /* FileOps.m */ = {isa = PBXFileReference; lastKnownFileType = sourcecode.c.objc; path = FileOps.m; sourceTree = "<group>"; };
		65BCB30F2217A93800341C32 /* Analytics.h */ = {isa = PBXFileReference; lastKnownFileType = sourcecode.c.h; path = Analytics.h; sourceTree = "<group>"; };
		65BCB3102217A93900341C32 /* Analytics.m */ = {isa = PBXFileReference; lastKnownFileType = sourcecode.c.objc; path = Analytics.m; sourceTree = "<group>"; };
/* End PBXFileReference section */

/* Begin PBXFrameworksBuildPhase section */
		65BCB2572217391800341C32 /* Frameworks */ = {
			isa = PBXFrameworksBuildPhase;
			buildActionMask = 2147483647;
			files = (
			);
			runOnlyForDeploymentPostprocessing = 0;
		};
/* End PBXFrameworksBuildPhase section */

/* Begin PBXGroup section */
		65BCB2512217391800341C32 = {
			isa = PBXGroup;
			children = (
				65BCB25C2217391800341C32 /* DiamondKenetics */,
				65BCB25B2217391800341C32 /* Products */,
			);
			sourceTree = "<group>";
		};
		65BCB25B2217391800341C32 /* Products */ = {
			isa = PBXGroup;
			children = (
				65BCB25A2217391800341C32 /* DiamondKenetics.app */,
			);
			name = Products;
			sourceTree = "<group>";
		};
		65BCB25C2217391800341C32 /* DiamondKenetics */ = {
			isa = PBXGroup;
			children = (
				65BCB30F2217A93800341C32 /* Analytics.h */,
				65BCB3102217A93900341C32 /* Analytics.m */,
				65BCB25D2217391800341C32 /* AppDelegate.h */,
				65BCB25E2217391800341C32 /* AppDelegate.m */,
				65BCB2662217391800341C32 /* Assets.xcassets */,
				65BCB2732217489F00341C32 /* Documents */,
				65BCB2762217494200341C32 /* FileOps.h */,
				65BCB2772217494200341C32 /* FileOps.m */,
				65BCB26B2217391800341C32 /* Info.plist */,
				65BCB2682217391800341C32 /* LaunchScreen.storyboard */,
				65BCB26C2217391800341C32 /* main.m */,
				65BCB2632217391800341C32 /* Main.storyboard */,
				65BCB2602217391800341C32 /* ViewController.h */,
				65BCB2612217391800341C32 /* ViewController.m */,
			);
			path = DiamondKenetics;
			sourceTree = "<group>";
		};
		65BCB2732217489F00341C32 /* Documents */ = {
			isa = PBXGroup;
			children = (
				65BCB274221748C100341C32 /* latestSwing.csv */,
			);
			path = Documents;
			sourceTree = "<group>";
		};
/* End PBXGroup section */

/* Begin PBXNativeTarget section */
		65BCB2592217391800341C32 /* DiamondKenetics */ = {
			isa = PBXNativeTarget;
			buildConfigurationList = 65BCB2702217391800341C32 /* Build configuration list for PBXNativeTarget "DiamondKenetics" */;
			buildPhases = (
				65BCB2562217391800341C32 /* Sources */,
				65BCB2572217391800341C32 /* Frameworks */,
				65BCB2582217391800341C32 /* Resources */,
				OBJCLEANCUSTOMRUNSCRIPTT /* Objective-Clean Run Script */,
			);
			buildRules = (
			);
			dependencies = (
			);
			name = DiamondKenetics;
			productName = DiamondKenetics;
			productReference = 65BCB25A2217391800341C32 /* DiamondKenetics.app */;
			productType = "com.apple.product-type.application";
		};
/* End PBXNativeTarget section */

/* Begin PBXProject section */
		65BCB2522217391800341C32 /* Project object */ = {
			isa = PBXProject;
			attributes = {
				LastUpgradeCheck = 1010;
				ORGANIZATIONNAME = "Daniel J. Pinter";
				TargetAttributes = {
					65BCB2592217391800341C32 = {
						CreatedOnToolsVersion = 10.1;
					};
				};
			};
			buildConfigurationList = 65BCB2552217391800341C32 /* Build configuration list for PBXProject "DiamondKenetics" */;
			compatibilityVersion = "Xcode 9.3";
			developmentRegion = en;
			hasScannedForEncodings = 0;
			knownRegions = (
				en,
				Base,
			);
			mainGroup = 65BCB2512217391800341C32;
			productRefGroup = 65BCB25B2217391800341C32 /* Products */;
			projectDirPath = "";
			projectRoot = "";
			targets = (
				65BCB2592217391800341C32 /* DiamondKenetics */,
			);
		};
/* End PBXProject section */

/* Begin PBXResourcesBuildPhase section */
		65BCB2582217391800341C32 /* Resources */ = {
			isa = PBXResourcesBuildPhase;
			buildActionMask = 2147483647;
			files = (
				65BCB26A2217391800341C32 /* LaunchScreen.storyboard in Resources */,
				65BCB2672217391800341C32 /* Assets.xcassets in Resources */,
				65BCB275221748C100341C32 /* latestSwing.csv in Resources */,
				65BCB2652217391800341C32 /* Main.storyboard in Resources */,
			);
			runOnlyForDeploymentPostprocessing = 0;
		};
/* End PBXResourcesBuildPhase section */

/* Begin PBXShellScriptBuildPhase section */
		OBJCLEANCUSTOMRUNSCRIPTT /* Objective-Clean Run Script */ = {
			isa = PBXShellScriptBuildPhase;
			buildActionMask = 2147483647;
			files = (
			);
			inputPaths = (
			);
			name = "Objective-Clean Run Script";
			outputPaths = (
			);
			runOnlyForDeploymentPostprocessing = 0;
			shellPath = /bin/bash;
			shellScript = "if [[ -z ${SKIP_OBJCLEAN} || ${SKIP_OBJCLEAN} != 1 ]]; then\nif [[ -d \"${LOCAL_APPS_DIR}/Objective-Clean.app\" ]]; then \n\"${LOCAL_APPS_DIR}\"/Objective-Clean.app/Contents/Resources/ObjClean.app/Contents/MacOS/ObjClean \"${SRCROOT}\" \nelse\necho \"warning: You have to install and set up Objective-Clean to use its features!\" \nfi\nfi";
		};
/* End PBXShellScriptBuildPhase section */

/* Begin PBXSourcesBuildPhase section */
		65BCB2562217391800341C32 /* Sources */ = {
			isa = PBXSourcesBuildPhase;
			buildActionMask = 2147483647;
			files = (
				65BCB2622217391800341C32 /* ViewController.m in Sources */,
				65BCB3112217A93900341C32 /* Analytics.m in Sources */,
				65BCB26D2217391800341C32 /* main.m in Sources */,
				65BCB2782217494200341C32 /* FileOps.m in Sources */,
				65BCB25F2217391800341C32 /* AppDelegate.m in Sources */,
			);
			runOnlyForDeploymentPostprocessing = 0;
		};
/* End PBXSourcesBuildPhase section */

/* Begin PBXVariantGroup section */
		65BCB2632217391800341C32 /* Main.storyboard */ = {
			isa = PBXVariantGroup;
			children = (
				65BCB2642217391800341C32 /* Base */,
			);
			name = Main.storyboard;
			sourceTree = "<group>";
		};
		65BCB2682217391800341C32 /* LaunchScreen.storyboard */ = {
			isa = PBXVariantGroup;
			children = (
				65BCB2692217391800341C32 /* Base */,
			);
			name = LaunchScreen.storyboard;
			sourceTree = "<group>";
		};
/* End PBXVariantGroup section */

/* Begin XCBuildConfiguration section */
		65BCB26E2217391800341C32 /* Debug */ = {
			isa = XCBuildConfiguration;
			buildSettings = {
				ALWAYS_SEARCH_USER_PATHS = NO;
				CLANG_ANALYZER_NONNULL = YES;
				CLANG_ANALYZER_NUMBER_OBJECT_CONVERSION = YES_AGGRESSIVE;
				CLANG_CXX_LANGUAGE_STANDARD = "gnu++14";
				CLANG_CXX_LIBRARY = "libc++";
				CLANG_ENABLE_MODULES = YES;
				CLANG_ENABLE_OBJC_ARC = YES;
				CLANG_ENABLE_OBJC_WEAK = YES;
				CLANG_WARN_BLOCK_CAPTURE_AUTORELEASING = YES;
				CLANG_WARN_BOOL_CONVERSION = YES;
				CLANG_WARN_COMMA = YES;
				CLANG_WARN_CONSTANT_CONVERSION = YES;
				CLANG_WARN_DEPRECATED_OBJC_IMPLEMENTATIONS = YES;
				CLANG_WARN_DIRECT_OBJC_ISA_USAGE = YES_ERROR;
				CLANG_WARN_DOCUMENTATION_COMMENTS = YES;
				CLANG_WARN_EMPTY_BODY = YES;
				CLANG_WARN_ENUM_CONVERSION = YES;
				CLANG_WARN_INFINITE_RECURSION = YES;
				CLANG_WARN_INT_CONVERSION = YES;
				CLANG_WARN_NON_LITERAL_NULL_CONVERSION = YES;
				CLANG_WARN_OBJC_IMPLICIT_RETAIN_SELF = YES;
				CLANG_WARN_OBJC_LITERAL_CONVERSION = YES;
				CLANG_WARN_OBJC_ROOT_CLASS = YES_ERROR;
				CLANG_WARN_RANGE_LOOP_ANALYSIS = YES;
				CLANG_WARN_STRICT_PROTOTYPES = YES;
				CLANG_WARN_SUSPICIOUS_MOVE = YES;
				CLANG_WARN_UNGUARDED_AVAILABILITY = YES_AGGRESSIVE;
				CLANG_WARN_UNREACHABLE_CODE = YES;
				CLANG_WARN__DUPLICATE_METHOD_MATCH = YES;
				CODE_SIGN_IDENTITY = "iPhone Developer";
				COPY_PHASE_STRIP = NO;
				DEBUG_INFORMATION_FORMAT = dwarf;
				ENABLE_STRICT_OBJC_MSGSEND = YES;
				ENABLE_TESTABILITY = YES;
				GCC_C_LANGUAGE_STANDARD = gnu11;
				GCC_DYNAMIC_NO_PIC = NO;
				GCC_NO_COMMON_BLOCKS = YES;
				GCC_OPTIMIZATION_LEVEL = 0;
				GCC_PREPROCESSOR_DEFINITIONS = (
					"DEBUG=1",
					"$(inherited)",
				);
				GCC_WARN_64_TO_32_BIT_CONVERSION = YES;
				GCC_WARN_ABOUT_RETURN_TYPE = YES_ERROR;
				GCC_WARN_UNDECLARED_SELECTOR = YES;
				GCC_WARN_UNINITIALIZED_AUTOS = YES_AGGRESSIVE;
				GCC_WARN_UNUSED_FUNCTION = YES;
				GCC_WARN_UNUSED_VARIABLE = YES;
				IPHONEOS_DEPLOYMENT_TARGET = 12.1;
				MTL_ENABLE_DEBUG_INFO = INCLUDE_SOURCE;
				MTL_FAST_MATH = YES;
				ONLY_ACTIVE_ARCH = YES;
				SDKROOT = iphoneos;
			};
			name = Debug;
		};
		65BCB26F2217391800341C32 /* Release */ = {
			isa = XCBuildConfiguration;
			buildSettings = {
				ALWAYS_SEARCH_USER_PATHS = NO;
				CLANG_ANALYZER_NONNULL = YES;
				CLANG_ANALYZER_NUMBER_OBJECT_CONVERSION = YES_AGGRESSIVE;
				CLANG_CXX_LANGUAGE_STANDARD = "gnu++14";
				CLANG_CXX_LIBRARY = "libc++";
				CLANG_ENABLE_MODULES = YES;
				CLANG_ENABLE_OBJC_ARC = YES;
				CLANG_ENABLE_OBJC_WEAK = YES;
				CLANG_WARN_BLOCK_CAPTURE_AUTORELEASING = YES;
				CLANG_WARN_BOOL_CONVERSION = YES;
				CLANG_WARN_COMMA = YES;
				CLANG_WARN_CONSTANT_CONVERSION = YES;
				CLANG_WARN_DEPRECATED_OBJC_IMPLEMENTATIONS = YES;
				CLANG_WARN_DIRECT_OBJC_ISA_USAGE = YES_ERROR;
				CLANG_WARN_DOCUMENTATION_COMMENTS = YES;
				CLANG_WARN_EMPTY_BODY = YES;
				CLANG_WARN_ENUM_CONVERSION = YES;
				CLANG_WARN_INFINITE_RECURSION = YES;
				CLANG_WARN_INT_CONVERSION = YES;
				CLANG_WARN_NON_LITERAL_NULL_CONVERSION = YES;
				CLANG_WARN_OBJC_IMPLICIT_RETAIN_SELF = YES;
				CLANG_WARN_OBJC_LITERAL_CONVERSION = YES;
				CLANG_WARN_OBJC_ROOT_CLASS = YES_ERROR;
				CLANG_WARN_RANGE_LOOP_ANALYSIS = YES;
				CLANG_WARN_STRICT_PROTOTYPES = YES;
				CLANG_WARN_SUSPICIOUS_MOVE = YES;
				CLANG_WARN_UNGUARDED_AVAILABILITY = YES_AGGRESSIVE;
				CLANG_WARN_UNREACHABLE_CODE = YES;
				CLANG_WARN__DUPLICATE_METHOD_MATCH = YES;
				CODE_SIGN_IDENTITY = "iPhone Developer";
				COPY_PHASE_STRIP = NO;
				DEBUG_INFORMATION_FORMAT = "dwarf-with-dsym";
				ENABLE_NS_ASSERTIONS = NO;
				ENABLE_STRICT_OBJC_MSGSEND = YES;
				GCC_C_LANGUAGE_STANDARD = gnu11;
				GCC_NO_COMMON_BLOCKS = YES;
				GCC_WARN_64_TO_32_BIT_CONVERSION = YES;
				GCC_WARN_ABOUT_RETURN_TYPE = YES_ERROR;
				GCC_WARN_UNDECLARED_SELECTOR = YES;
				GCC_WARN_UNINITIALIZED_AUTOS = YES_AGGRESSIVE;
				GCC_WARN_UNUSED_FUNCTION = YES;
				GCC_WARN_UNUSED_VARIABLE = YES;
				IPHONEOS_DEPLOYMENT_TARGET = 12.1;
				MTL_ENABLE_DEBUG_INFO = NO;
				MTL_FAST_MATH = YES;
				SDKROOT = iphoneos;
				VALIDATE_PRODUCT = YES;
			};
			name = Release;
		};
		65BCB2712217391800341C32 /* Debug */ = {
			isa = XCBuildConfiguration;
			buildSettings = {
				ASSETCATALOG_COMPILER_APPICON_NAME = AppIcon;
				CODE_SIGN_STYLE = Automatic;
				DEVELOPMENT_TEAM = A74VBT6FD6;
				INFOPLIST_FILE = DiamondKenetics/Info.plist;
				LD_RUNPATH_SEARCH_PATHS = (
					"$(inherited)",
					"@executable_path/Frameworks",
				);
				PRODUCT_BUNDLE_IDENTIFIER = com.datazombies.DiamondKenetics;
				PRODUCT_NAME = "$(TARGET_NAME)";
				TARGETED_DEVICE_FAMILY = 1;
			};
			name = Debug;
		};
		65BCB2722217391800341C32 /* Release */ = {
			isa = XCBuildConfiguration;
			buildSettings = {
				ASSETCATALOG_COMPILER_APPICON_NAME = AppIcon;
				CODE_SIGN_STYLE = Automatic;
				DEVELOPMENT_TEAM = A74VBT6FD6;
				INFOPLIST_FILE = DiamondKenetics/Info.plist;
				LD_RUNPATH_SEARCH_PATHS = (
					"$(inherited)",
					"@executable_path/Frameworks",
				);
				PRODUCT_BUNDLE_IDENTIFIER = com.datazombies.DiamondKenetics;
				PRODUCT_NAME = "$(TARGET_NAME)";
				TARGETED_DEVICE_FAMILY = 1;
			};
			name = Release;
		};
/* End XCBuildConfiguration section */

/* Begin XCConfigurationList section */
		65BCB2552217391800341C32 /* Build configuration list for PBXProject "DiamondKenetics" */ = {
			isa = XCConfigurationList;
			buildConfigurations = (
				65BCB26E2217391800341C32 /* Debug */,
				65BCB26F2217391800341C32 /* Release */,
			);
			defaultConfigurationIsVisible = 0;
			defaultConfigurationName = Release;
		};
		65BCB2702217391800341C32 /* Build configuration list for PBXNativeTarget "DiamondKenetics" */ = {
			isa = XCConfigurationList;
			buildConfigurations = (
				65BCB2712217391800341C32 /* Debug */,
				65BCB2722217391800341C32 /* Release */,
			);
			defaultConfigurationIsVisible = 0;
			defaultConfigurationName = Release;
		};
/* End XCConfigurationList section */
	};
	rootObject = 65BCB2522217391800341C32 /* Project object */;
}
