// !$*UTF8*$!
{
	archiveVersion = 1;
	classes = {
	};
	objectVersion = 50;
	objects = {

/* Begin PBXBuildFile section */
		65410EDB2220681600267455 /* AppDelegate.m in Sources */ = {isa = PBXBuildFile; fileRef = 65410EDA2220681600267455 /* AppDelegate.m */; };
		65410EE32220681700267455 /* Assets.xcassets in Resources */ = {isa = PBXBuildFile; fileRef = 65410EE22220681700267455 /* Assets.xcassets */; };
		65410EE62220681700267455 /* LaunchScreen.storyboard in Resources */ = {isa = PBXBuildFile; fileRef = 65410EE42220681700267455 /* LaunchScreen.storyboard */; };
		65410EE92220681700267455 /* main.m in Sources */ = {isa = PBXBuildFile; fileRef = 65410EE82220681700267455 /* main.m */; };
		65410EF52220687C00267455 /* Analytics.m in Sources */ = {isa = PBXBuildFile; fileRef = 65410EF22220687C00267455 /* Analytics.m */; };
		65410EF62220687C00267455 /* FileOps.m in Sources */ = {isa = PBXBuildFile; fileRef = 65410EF32220687C00267455 /* FileOps.m */; };
		65410EF72220687C00267455 /* ViewController.m in Sources */ = {isa = PBXBuildFile; fileRef = 65410EF42220687C00267455 /* ViewController.m */; };
		65410EFB222068E900267455 /* Main.storyboard in Resources */ = {isa = PBXBuildFile; fileRef = 65410EFA222068E900267455 /* Main.storyboard */; };
		65410F02222099FF00267455 /* latestSwing.csv in Resources */ = {isa = PBXBuildFile; fileRef = 65410F01222099FF00267455 /* latestSwing.csv */; };
/* End PBXBuildFile section */

/* Begin PBXFileReference section */
		65410ED62220681600267455 /* DiamondKinetics.app */ = {isa = PBXFileReference; explicitFileType = wrapper.application; includeInIndex = 0; path = DiamondKinetics.app; sourceTree = BUILT_PRODUCTS_DIR; };
		65410ED92220681600267455 /* AppDelegate.h */ = {isa = PBXFileReference; lastKnownFileType = sourcecode.c.h; path = AppDelegate.h; sourceTree = "<group>"; };
		65410EDA2220681600267455 /* AppDelegate.m */ = {isa = PBXFileReference; lastKnownFileType = sourcecode.c.objc; path = AppDelegate.m; sourceTree = "<group>"; };
		65410EE22220681700267455 /* Assets.xcassets */ = {isa = PBXFileReference; lastKnownFileType = folder.assetcatalog; path = Assets.xcassets; sourceTree = "<group>"; };
		65410EE52220681700267455 /* Base */ = {isa = PBXFileReference; lastKnownFileType = file.storyboard; name = Base; path = Base.lproj/LaunchScreen.storyboard; sourceTree = "<group>"; };
		65410EE72220681700267455 /* Info.plist */ = {isa = PBXFileReference; lastKnownFileType = text.plist.xml; path = Info.plist; sourceTree = "<group>"; };
		65410EE82220681700267455 /* main.m */ = {isa = PBXFileReference; lastKnownFileType = sourcecode.c.objc; path = main.m; sourceTree = "<group>"; };
		65410EEF2220687C00267455 /* FileOps.h */ = {isa = PBXFileReference; fileEncoding = 4; lastKnownFileType = sourcecode.c.h; path = FileOps.h; sourceTree = "<group>"; };
		65410EF02220687C00267455 /* ViewController.h */ = {isa = PBXFileReference; fileEncoding = 4; lastKnownFileType = sourcecode.c.h; path = ViewController.h; sourceTree = "<group>"; };
		65410EF12220687C00267455 /* Analytics.h */ = {isa = PBXFileReference; fileEncoding = 4; lastKnownFileType = sourcecode.c.h; path = Analytics.h; sourceTree = "<group>"; };
		65410EF22220687C00267455 /* Analytics.m */ = {isa = PBXFileReference; fileEncoding = 4; lastKnownFileType = sourcecode.c.objc; path = Analytics.m; sourceTree = "<group>"; };
		65410EF32220687C00267455 /* FileOps.m */ = {isa = PBXFileReference; fileEncoding = 4; lastKnownFileType = sourcecode.c.objc; path = FileOps.m; sourceTree = "<group>"; };
		65410EF42220687C00267455 /* ViewController.m */ = {isa = PBXFileReference; fileEncoding = 4; lastKnownFileType = sourcecode.c.objc; path = ViewController.m; sourceTree = "<group>"; };
		65410EFA222068E900267455 /* Main.storyboard */ = {isa = PBXFileReference; fileEncoding = 4; lastKnownFileType = file.storyboard; path = Main.storyboard; sourceTree = "<group>"; };
		65410F01222099FF00267455 /* latestSwing.csv */ = {isa = PBXFileReference; fileEncoding = 4; lastKnownFileType = text; path = latestSwing.csv; sourceTree = "<group>"; };
/* End PBXFileReference section */

/* Begin PBXFrameworksBuildPhase section */
		65410ED32220681600267455 /* Frameworks */ = {
			isa = PBXFrameworksBuildPhase;
			buildActionMask = 2147483647;
			files = (
			);
			runOnlyForDeploymentPostprocessing = 0;
		};
/* End PBXFrameworksBuildPhase section */

/* Begin PBXGroup section */
		65410ECD2220681600267455 = {
			isa = PBXGroup;
			children = (
				65410ED82220681600267455 /* DiamondKinetics */,
				65410ED72220681600267455 /* Products */,
			);
			sourceTree = "<group>";
		};
		65410ED72220681600267455 /* Products */ = {
			isa = PBXGroup;
			children = (
				65410ED62220681600267455 /* DiamondKinetics.app */,
			);
			name = Products;
			sourceTree = "<group>";
		};
		65410ED82220681600267455 /* DiamondKinetics */ = {
			isa = PBXGroup;
			children = (
				65410EF12220687C00267455 /* Analytics.h */,
				65410EF22220687C00267455 /* Analytics.m */,
				65410ED92220681600267455 /* AppDelegate.h */,
				65410EDA2220681600267455 /* AppDelegate.m */,
				65410EE22220681700267455 /* Assets.xcassets */,
				65410EEF2220687C00267455 /* FileOps.h */,
				65410EF32220687C00267455 /* FileOps.m */,
				65410F0322209A0300267455 /* Documents */,
				65410EE72220681700267455 /* Info.plist */,
				65410EE42220681700267455 /* LaunchScreen.storyboard */,
				65410EE82220681700267455 /* main.m */,
				65410EFA222068E900267455 /* Main.storyboard */,
				65410EF02220687C00267455 /* ViewController.h */,
				65410EF42220687C00267455 /* ViewController.m */,
			);
			path = DiamondKinetics;
			sourceTree = "<group>";
		};
		65410F0322209A0300267455 /* Documents */ = {
			isa = PBXGroup;
			children = (
				65410F01222099FF00267455 /* latestSwing.csv */,
			);
			path = Documents;
			sourceTree = "<group>";
		};
/* End PBXGroup section */

/* Begin PBXNativeTarget section */
		65410ED52220681600267455 /* DiamondKinetics */ = {
			isa = PBXNativeTarget;
			buildConfigurationList = 65410EEC2220681700267455 /* Build configuration list for PBXNativeTarget "DiamondKinetics" */;
			buildPhases = (
				65410ED22220681600267455 /* Sources */,
				65410ED32220681600267455 /* Frameworks */,
				65410ED42220681600267455 /* Resources */,
			);
			buildRules = (
			);
			dependencies = (
			);
			name = DiamondKinetics;
			productName = DiamondKinetics;
			productReference = 65410ED62220681600267455 /* DiamondKinetics.app */;
			productType = "com.apple.product-type.application";
		};
/* End PBXNativeTarget section */

/* Begin PBXProject section */
		65410ECE2220681600267455 /* Project object */ = {
			isa = PBXProject;
			attributes = {
				LastUpgradeCheck = 1010;
				ORGANIZATIONNAME = "Daniel J. Pinter";
				TargetAttributes = {
					65410ED52220681600267455 = {
						CreatedOnToolsVersion = 10.1;
					};
				};
			};
			buildConfigurationList = 65410ED12220681600267455 /* Build configuration list for PBXProject "DiamondKinetics" */;
			compatibilityVersion = "Xcode 9.3";
			developmentRegion = en;
			hasScannedForEncodings = 0;
			knownRegions = (
				en,
				Base,
			);
			mainGroup = 65410ECD2220681600267455;
			productRefGroup = 65410ED72220681600267455 /* Products */;
			projectDirPath = "";
			projectRoot = "";
			targets = (
				65410ED52220681600267455 /* DiamondKinetics */,
			);
		};
/* End PBXProject section */

/* Begin PBXResourcesBuildPhase section */
		65410ED42220681600267455 /* Resources */ = {
			isa = PBXResourcesBuildPhase;
			buildActionMask = 2147483647;
			files = (
				65410EFB222068E900267455 /* Main.storyboard in Resources */,
				65410EE62220681700267455 /* LaunchScreen.storyboard in Resources */,
				65410F02222099FF00267455 /* latestSwing.csv in Resources */,
				65410EE32220681700267455 /* Assets.xcassets in Resources */,
			);
			runOnlyForDeploymentPostprocessing = 0;
		};
/* End PBXResourcesBuildPhase section */

/* Begin PBXSourcesBuildPhase section */
		65410ED22220681600267455 /* Sources */ = {
			isa = PBXSourcesBuildPhase;
			buildActionMask = 2147483647;
			files = (
				65410EE92220681700267455 /* main.m in Sources */,
				65410EDB2220681600267455 /* AppDelegate.m in Sources */,
				65410EF62220687C00267455 /* FileOps.m in Sources */,
				65410EF52220687C00267455 /* Analytics.m in Sources */,
				65410EF72220687C00267455 /* ViewController.m in Sources */,
			);
			runOnlyForDeploymentPostprocessing = 0;
		};
/* End PBXSourcesBuildPhase section */

/* Begin PBXVariantGroup section */
		65410EE42220681700267455 /* LaunchScreen.storyboard */ = {
			isa = PBXVariantGroup;
			children = (
				65410EE52220681700267455 /* Base */,
			);
			name = LaunchScreen.storyboard;
			sourceTree = "<group>";
		};
/* End PBXVariantGroup section */

/* Begin XCBuildConfiguration section */
		65410EEA2220681700267455 /* Debug */ = {
			isa = XCBuildConfiguration;
			buildSettings = {
				ALWAYS_SEARCH_USER_PATHS = NO;
				CLANG_ANALYZER_NONNULL = YES;
				CLANG_ANALYZER_NUMBER_OBJECT_CONVERSION = YES_AGGRESSIVE;
				CLANG_CXX_LANGUAGE_STANDARD = "gnu++14";
				CLANG_CXX_LIBRARY = "libc++";
				CLANG_ENABLE_MODULES = YES;
				CLANG_ENABLE_OBJC_ARC = YES;
				CLANG_ENABLE_OBJC_WEAK = YES;
				CLANG_WARN_BLOCK_CAPTURE_AUTORELEASING = YES;
				CLANG_WARN_BOOL_CONVERSION = YES;
				CLANG_WARN_COMMA = YES;
				CLANG_WARN_CONSTANT_CONVERSION = YES;
				CLANG_WARN_DEPRECATED_OBJC_IMPLEMENTATIONS = YES;
				CLANG_WARN_DIRECT_OBJC_ISA_USAGE = YES_ERROR;
				CLANG_WARN_DOCUMENTATION_COMMENTS = YES;
				CLANG_WARN_EMPTY_BODY = YES;
				CLANG_WARN_ENUM_CONVERSION = YES;
				CLANG_WARN_INFINITE_RECURSION = YES;
				CLANG_WARN_INT_CONVERSION = YES;
				CLANG_WARN_NON_LITERAL_NULL_CONVERSION = YES;
				CLANG_WARN_OBJC_IMPLICIT_RETAIN_SELF = YES;
				CLANG_WARN_OBJC_LITERAL_CONVERSION = YES;
				CLANG_WARN_OBJC_ROOT_CLASS = YES_ERROR;
				CLANG_WARN_RANGE_LOOP_ANALYSIS = YES;
				CLANG_WARN_STRICT_PROTOTYPES = YES;
				CLANG_WARN_SUSPICIOUS_MOVE = YES;
				CLANG_WARN_UNGUARDED_AVAILABILITY = YES_AGGRESSIVE;
				CLANG_WARN_UNREACHABLE_CODE = YES;
				CLANG_WARN__DUPLICATE_METHOD_MATCH = YES;
				CODE_SIGN_IDENTITY = "iPhone Developer";
				COPY_PHASE_STRIP = NO;
				DEBUG_INFORMATION_FORMAT = dwarf;
				ENABLE_STRICT_OBJC_MSGSEND = YES;
				ENABLE_TESTABILITY = YES;
				GCC_C_LANGUAGE_STANDARD = gnu11;
				GCC_DYNAMIC_NO_PIC = NO;
				GCC_NO_COMMON_BLOCKS = YES;
				GCC_OPTIMIZATION_LEVEL = 0;
				GCC_PREPROCESSOR_DEFINITIONS = (
					"DEBUG=1",
					"$(inherited)",
				);
				GCC_WARN_64_TO_32_BIT_CONVERSION = YES;
				GCC_WARN_ABOUT_RETURN_TYPE = YES_ERROR;
				GCC_WARN_UNDECLARED_SELECTOR = YES;
				GCC_WARN_UNINITIALIZED_AUTOS = YES_AGGRESSIVE;
				GCC_WARN_UNUSED_FUNCTION = YES;
				GCC_WARN_UNUSED_VARIABLE = YES;
				IPHONEOS_DEPLOYMENT_TARGET = 12.1;
				MTL_ENABLE_DEBUG_INFO = INCLUDE_SOURCE;
				MTL_FAST_MATH = YES;
				ONLY_ACTIVE_ARCH = YES;
				SDKROOT = iphoneos;
			};
			name = Debug;
		};
		65410EEB2220681700267455 /* Release */ = {
			isa = XCBuildConfiguration;
			buildSettings = {
				ALWAYS_SEARCH_USER_PATHS = NO;
				CLANG_ANALYZER_NONNULL = YES;
				CLANG_ANALYZER_NUMBER_OBJECT_CONVERSION = YES_AGGRESSIVE;
				CLANG_CXX_LANGUAGE_STANDARD = "gnu++14";
				CLANG_CXX_LIBRARY = "libc++";
				CLANG_ENABLE_MODULES = YES;
				CLANG_ENABLE_OBJC_ARC = YES;
				CLANG_ENABLE_OBJC_WEAK = YES;
				CLANG_WARN_BLOCK_CAPTURE_AUTORELEASING = YES;
				CLANG_WARN_BOOL_CONVERSION = YES;
				CLANG_WARN_COMMA = YES;
				CLANG_WARN_CONSTANT_CONVERSION = YES;
				CLANG_WARN_DEPRECATED_OBJC_IMPLEMENTATIONS = YES;
				CLANG_WARN_DIRECT_OBJC_ISA_USAGE = YES_ERROR;
				CLANG_WARN_DOCUMENTATION_COMMENTS = YES;
				CLANG_WARN_EMPTY_BODY = YES;
				CLANG_WARN_ENUM_CONVERSION = YES;
				CLANG_WARN_INFINITE_RECURSION = YES;
				CLANG_WARN_INT_CONVERSION = YES;
				CLANG_WARN_NON_LITERAL_NULL_CONVERSION = YES;
				CLANG_WARN_OBJC_IMPLICIT_RETAIN_SELF = YES;
				CLANG_WARN_OBJC_LITERAL_CONVERSION = YES;
				CLANG_WARN_OBJC_ROOT_CLASS = YES_ERROR;
				CLANG_WARN_RANGE_LOOP_ANALYSIS = YES;
				CLANG_WARN_STRICT_PROTOTYPES = YES;
				CLANG_WARN_SUSPICIOUS_MOVE = YES;
				CLANG_WARN_UNGUARDED_AVAILABILITY = YES_AGGRESSIVE;
				CLANG_WARN_UNREACHABLE_CODE = YES;
				CLANG_WARN__DUPLICATE_METHOD_MATCH = YES;
				CODE_SIGN_IDENTITY = "iPhone Developer";
				COPY_PHASE_STRIP = NO;
				DEBUG_INFORMATION_FORMAT = "dwarf-with-dsym";
				ENABLE_NS_ASSERTIONS = NO;
				ENABLE_STRICT_OBJC_MSGSEND = YES;
				GCC_C_LANGUAGE_STANDARD = gnu11;
				GCC_NO_COMMON_BLOCKS = YES;
				GCC_WARN_64_TO_32_BIT_CONVERSION = YES;
				GCC_WARN_ABOUT_RETURN_TYPE = YES_ERROR;
				GCC_WARN_UNDECLARED_SELECTOR = YES;
				GCC_WARN_UNINITIALIZED_AUTOS = YES_AGGRESSIVE;
				GCC_WARN_UNUSED_FUNCTION = YES;
				GCC_WARN_UNUSED_VARIABLE = YES;
				IPHONEOS_DEPLOYMENT_TARGET = 12.1;
				MTL_ENABLE_DEBUG_INFO = NO;
				MTL_FAST_MATH = YES;
				SDKROOT = iphoneos;
				VALIDATE_PRODUCT = YES;
			};
			name = Release;
		};
		65410EED2220681700267455 /* Debug */ = {
			isa = XCBuildConfiguration;
			buildSettings = {
				ASSETCATALOG_COMPILER_APPICON_NAME = AppIcon;
				CODE_SIGN_STYLE = Automatic;
				DEVELOPMENT_TEAM = A74VBT6FD6;
				INFOPLIST_FILE = DiamondKinetics/Info.plist;
				LD_RUNPATH_SEARCH_PATHS = (
					"$(inherited)",
					"@executable_path/Frameworks",
				);
				PRODUCT_BUNDLE_IDENTIFIER = com.datazombies.DiamondKinetics;
				PRODUCT_NAME = "$(TARGET_NAME)";
				TARGETED_DEVICE_FAMILY = "1,2";
			};
			name = Debug;
		};
		65410EEE2220681700267455 /* Release */ = {
			isa = XCBuildConfiguration;
			buildSettings = {
				ASSETCATALOG_COMPILER_APPICON_NAME = AppIcon;
				CODE_SIGN_STYLE = Automatic;
				DEVELOPMENT_TEAM = A74VBT6FD6;
				INFOPLIST_FILE = DiamondKinetics/Info.plist;
				LD_RUNPATH_SEARCH_PATHS = (
					"$(inherited)",
					"@executable_path/Frameworks",
				);
				PRODUCT_BUNDLE_IDENTIFIER = com.datazombies.DiamondKinetics;
				PRODUCT_NAME = "$(TARGET_NAME)";
				TARGETED_DEVICE_FAMILY = "1,2";
			};
			name = Release;
		};
/* End XCBuildConfiguration section */

/* Begin XCConfigurationList section */
		65410ED12220681600267455 /* Build configuration list for PBXProject "DiamondKinetics" */ = {
			isa = XCConfigurationList;
			buildConfigurations = (
				65410EEA2220681700267455 /* Debug */,
				65410EEB2220681700267455 /* Release */,
			);
			defaultConfigurationIsVisible = 0;
			defaultConfigurationName = Release;
		};
		65410EEC2220681700267455 /* Build configuration list for PBXNativeTarget "DiamondKinetics" */ = {
			isa = XCConfigurationList;
			buildConfigurations = (
				65410EED2220681700267455 /* Debug */,
				65410EEE2220681700267455 /* Release */,
			);
			defaultConfigurationIsVisible = 0;
			defaultConfigurationName = Release;
		};
/* End XCConfigurationList section */
	};
	rootObject = 65410ECE2220681600267455 /* Project object */;
}
